# THIS IS AN AUTOGENERATED FILE. DO NOT EDIT THIS FILE DIRECTLY.
# yarn lockfile v1


simple-input@^1.0.1:
  version "1.0.1"
  resolved "https://registry.yarnpkg.com/simple-input/-/simple-input-1.0.1.tgz#8bbe89ee3ccfc4a1be2b489fa56f85f7ccd68153"
  integrity sha512-PDEq5qjfubP/3iHWczaBNqprYFSfQuwFThnm0z5cCL2Dibi73PggkB6padvl1q8tHocb/CpbqCeL//Hqg/HvAQ==
